
Microsoft Visual Studio Solution File, Format Version 12.00
# Visual Studio Version 16
VisualStudioVersion = 16.0.31727.386
MinimumVisualStudioVersion = 10.0.40219.1
Project("{9A19103F-16F7-4668-BE54-9A1E7A4F7556}") = "WebApplication1", "WebApplication1\WebApplication1.csproj", "{06575C15-4347-4D97-9162-BA543783E7D1}"
EndProject
Project("{9A19103F-16F7-4668-BE54-9A1E7A4F7556}") = "Web.Data", "Web.Data\Web.Data.csproj", "{18B4D09E-3768-4E6A-9CFD-A89F15E59848}"
EndProject
Project("{FAE04EC0-301F-11D3-BF4B-00C04F79EFBC}") = "Web.Service", "Web.Service\Web.Service.csproj", "{EAC6B752-77A2-4E3A-B16D-C1B69400E598}"
EndProject
Project("{FAE04EC0-301F-11D3-BF4B-00C04F79EFBC}") = "Web.ViewModel", "Web.ViewModel\Web.ViewModel.csproj", "{8C81AC22-E2DD-4DA5-AC21-C09024D88004}"
EndProject
Global
	GlobalSection(SolutionConfigurationPlatforms) = preSolution
		Debug|Any CPU = Debug|Any CPU
		Release|Any CPU = Release|Any CPU
	EndGlobalSection
	GlobalSection(ProjectConfigurationPlatforms) = postSolution
		{06575C15-4347-4D97-9162-BA543783E7D1}.Debug|Any CPU.ActiveCfg = Debug|Any CPU
		{06575C15-4347-4D97-9162-BA543783E7D1}.Debug|Any CPU.Build.0 = Debug|Any CPU
		{06575C15-4347-4D97-9162-BA543783E7D1}.Release|Any CPU.ActiveCfg = Release|Any CPU
		{06575C15-4347-4D97-9162-BA543783E7D1}.Release|Any CPU.Build.0 = Release|Any CPU
		{18B4D09E-3768-4E6A-9CFD-A89F15E59848}.Debug|Any CPU.ActiveCfg = Debug|Any CPU
		{18B4D09E-3768-4E6A-9CFD-A89F15E59848}.Debug|Any CPU.Build.0 = Debug|Any CPU
		{18B4D09E-3768-4E6A-9CFD-A89F15E59848}.Release|Any CPU.ActiveCfg = Release|Any CPU
		{18B4D09E-3768-4E6A-9CFD-A89F15E59848}.Release|Any CPU.Build.0 = Release|Any CPU
		{EAC6B752-77A2-4E3A-B16D-C1B69400E598}.Debug|Any CPU.ActiveCfg = Debug|Any CPU
		{EAC6B752-77A2-4E3A-B16D-C1B69400E598}.Debug|Any CPU.Build.0 = Debug|Any CPU
		{EAC6B752-77A2-4E3A-B16D-C1B69400E598}.Release|Any CPU.ActiveCfg = Release|Any CPU
		{EAC6B752-77A2-4E3A-B16D-C1B69400E598}.Release|Any CPU.Build.0 = Release|Any CPU
		{8C81AC22-E2DD-4DA5-AC21-C09024D88004}.Debug|Any CPU.ActiveCfg = Debug|Any CPU
		{8C81AC22-E2DD-4DA5-AC21-C09024D88004}.Debug|Any CPU.Build.0 = Debug|Any CPU
		{8C81AC22-E2DD-4DA5-AC21-C09024D88004}.Release|Any CPU.ActiveCfg = Release|Any CPU
		{8C81AC22-E2DD-4DA5-AC21-C09024D88004}.Release|Any CPU.Build.0 = Release|Any CPU
	EndGlobalSection
	GlobalSection(SolutionProperties) = preSolution
		HideSolutionNode = FALSE
	EndGlobalSection
	GlobalSection(ExtensibilityGlobals) = postSolution
		SolutionGuid = {5C3DB31E-BC37-423B-9280-C73861AF1BE9}
	EndGlobalSection
EndGlobal
